
Microsoft Visual Studio Solution File, Format Version 12.00
# Visual Studio Version 16
VisualStudioVersion = 16.0.32630.194
MinimumVisualStudioVersion = 10.0.40219.1
Project("{FAE04EC0-301F-11D3-BF4B-00C04F79EFBC}") = "DesafioData03082022", "DesafioData03082022\DesafioData03082022.csproj", "{B021D45D-6644-4032-BD65-75D3C42D60DA}"
EndProject
Global
	GlobalSection(SolutionConfigurationPlatforms) = preSolution
		Debug|Any CPU = Debug|Any CPU
		Release|Any CPU = Release|Any CPU
	EndGlobalSection
	GlobalSection(ProjectConfigurationPlatforms) = postSolution
		{B021D45D-6644-4032-BD65-75D3C42D60DA}.Debug|Any CPU.ActiveCfg = Debug|Any CPU
		{B021D45D-6644-4032-BD65-75D3C42D60DA}.Debug|Any CPU.Build.0 = Debug|Any CPU
		{B021D45D-6644-4032-BD65-75D3C42D60DA}.Release|Any CPU.ActiveCfg = Release|Any CPU
		{B021D45D-6644-4032-BD65-75D3C42D60DA}.Release|Any CPU.Build.0 = Release|Any CPU
	EndGlobalSection
	GlobalSection(SolutionProperties) = preSolution
		HideSolutionNode = FALSE
	EndGlobalSection
	GlobalSection(ExtensibilityGlobals) = postSolution
		SolutionGuid = {CF4D3AD3-57B0-48C5-9C58-5F01FD5BC81F}
	EndGlobalSection
EndGlobal
